// !$*UTF8*$!
{
	archiveVersion = 1;
	classes = {
	};
	objectVersion = 50;
	objects = {

/* Begin PBXBuildFile section */
		A132EFE923F54A4800D6140B /* LandmarkList.swift in Sources */ = {isa = PBXBuildFile; fileRef = A132EFE823F54A4800D6140B /* LandmarkList.swift */; };
		A132EFF723F54B1000D6140B /* landmarkData.json in Resources */ = {isa = PBXBuildFile; fileRef = A132EFEA23F54B0F00D6140B /* landmarkData.json */; };
		A132EFF823F54B1000D6140B /* charleyrivers.jpg in Resources */ = {isa = PBXBuildFile; fileRef = A132EFEB23F54B0F00D6140B /* charleyrivers.jpg */; };
		A132EFF923F54B1000D6140B /* turtlerock.jpg in Resources */ = {isa = PBXBuildFile; fileRef = A132EFEC23F54B0F00D6140B /* turtlerock.jpg */; };
		A132EFFA23F54B1000D6140B /* umbagog.jpg in Resources */ = {isa = PBXBuildFile; fileRef = A132EFED23F54B0F00D6140B /* umbagog.jpg */; };
		A132EFFB23F54B1000D6140B /* icybay.jpg in Resources */ = {isa = PBXBuildFile; fileRef = A132EFEE23F54B0F00D6140B /* icybay.jpg */; };
		A132EFFC23F54B1000D6140B /* silversalmoncreek.jpg in Resources */ = {isa = PBXBuildFile; fileRef = A132EFEF23F54B0F00D6140B /* silversalmoncreek.jpg */; };
		A132EFFD23F54B1000D6140B /* lakemcdonald.jpg in Resources */ = {isa = PBXBuildFile; fileRef = A132EFF023F54B1000D6140B /* lakemcdonald.jpg */; };
		A132EFFE23F54B1000D6140B /* twinlake.jpg in Resources */ = {isa = PBXBuildFile; fileRef = A132EFF123F54B1000D6140B /* twinlake.jpg */; };
		A132EFFF23F54B1000D6140B /* chincoteague.jpg in Resources */ = {isa = PBXBuildFile; fileRef = A132EFF223F54B1000D6140B /* chincoteague.jpg */; };
		A132F00023F54B1000D6140B /* chilkoottrail.jpg in Resources */ = {isa = PBXBuildFile; fileRef = A132EFF323F54B1000D6140B /* chilkoottrail.jpg */; };
		A132F00123F54B1000D6140B /* stmarylake.jpg in Resources */ = {isa = PBXBuildFile; fileRef = A132EFF423F54B1000D6140B /* stmarylake.jpg */; };
		A132F00223F54B1000D6140B /* hiddenlake.jpg in Resources */ = {isa = PBXBuildFile; fileRef = A132EFF523F54B1000D6140B /* hiddenlake.jpg */; };
		A132F00323F54B1000D6140B /* rainbowlake.jpg in Resources */ = {isa = PBXBuildFile; fileRef = A132EFF623F54B1000D6140B /* rainbowlake.jpg */; };
		A132F00523F54D4800D6140B /* README.md in Resources */ = {isa = PBXBuildFile; fileRef = A132F00423F54D4800D6140B /* README.md */; };
		A132F00723F54DDC00D6140B /* screenshots in Resources */ = {isa = PBXBuildFile; fileRef = A132F00623F54DDC00D6140B /* screenshots */; };
		A13922F023FA7DF3001B463F /* Badge.swift in Sources */ = {isa = PBXBuildFile; fileRef = A13922EF23FA7DF3001B463F /* Badge.swift */; };
		A13922F223FA7EF4001B463F /* HexagonParameters.swift in Sources */ = {isa = PBXBuildFile; fileRef = A13922F123FA7EF4001B463F /* HexagonParameters.swift */; };
		A13922F423FA8B94001B463F /* BadgeBackground.swift in Sources */ = {isa = PBXBuildFile; fileRef = A13922F323FA8B94001B463F /* BadgeBackground.swift */; };
		A13922F623FA8D85001B463F /* BadgeSymbol.swift in Sources */ = {isa = PBXBuildFile; fileRef = A13922F523FA8D85001B463F /* BadgeSymbol.swift */; };
		A13922F823FA9168001B463F /* RotatedBadgeSymbol.swift in Sources */ = {isa = PBXBuildFile; fileRef = A13922F723FA9168001B463F /* RotatedBadgeSymbol.swift */; };
		A13929C923F14A520052591C /* Landmark.swift in Sources */ = {isa = PBXBuildFile; fileRef = A13929C823F14A520052591C /* Landmark.swift */; };
		A13929E723F14E400052591C /* Data.swift in Sources */ = {isa = PBXBuildFile; fileRef = A13929E623F14E400052591C /* Data.swift */; };
		A13929E923F14F920052591C /* LandmarkRow.swift in Sources */ = {isa = PBXBuildFile; fileRef = A13929E823F14F920052591C /* LandmarkRow.swift */; };
		A187AD2223ED74B400E84C61 /* AppDelegate.swift in Sources */ = {isa = PBXBuildFile; fileRef = A187AD2123ED74B400E84C61 /* AppDelegate.swift */; };
		A187AD2423ED74B400E84C61 /* SceneDelegate.swift in Sources */ = {isa = PBXBuildFile; fileRef = A187AD2323ED74B400E84C61 /* SceneDelegate.swift */; };
		A187AD2623ED74B400E84C61 /* LandmarkDetail.swift in Sources */ = {isa = PBXBuildFile; fileRef = A187AD2523ED74B400E84C61 /* LandmarkDetail.swift */; };
		A187AD2823ED74B600E84C61 /* Assets.xcassets in Resources */ = {isa = PBXBuildFile; fileRef = A187AD2723ED74B600E84C61 /* Assets.xcassets */; };
		A187AD2B23ED74B600E84C61 /* Preview Assets.xcassets in Resources */ = {isa = PBXBuildFile; fileRef = A187AD2A23ED74B600E84C61 /* Preview Assets.xcassets */; };
		A187AD2E23ED74B600E84C61 /* LaunchScreen.storyboard in Resources */ = {isa = PBXBuildFile; fileRef = A187AD2C23ED74B600E84C61 /* LaunchScreen.storyboard */; };
		A187AD3923ED74B600E84C61 /* LandmarksTests.swift in Sources */ = {isa = PBXBuildFile; fileRef = A187AD3823ED74B600E84C61 /* LandmarksTests.swift */; };
		A187AD4423ED74B600E84C61 /* LandmarksUITests.swift in Sources */ = {isa = PBXBuildFile; fileRef = A187AD4323ED74B600E84C61 /* LandmarksUITests.swift */; };
		A187AD5223ED7A2B00E84C61 /* CircleImage.swift in Sources */ = {isa = PBXBuildFile; fileRef = A187AD5123ED7A2B00E84C61 /* CircleImage.swift */; };
		A187AD5423ED7D6F00E84C61 /* MapView.swift in Sources */ = {isa = PBXBuildFile; fileRef = A187AD5323ED7D6F00E84C61 /* MapView.swift */; };
		A195537623FBC151000653C5 /* hikeData.json in Resources */ = {isa = PBXBuildFile; fileRef = A195537523FBC151000653C5 /* hikeData.json */; };
		A195537823FBC271000653C5 /* Home.swift in Sources */ = {isa = PBXBuildFile; fileRef = A195537723FBC271000653C5 /* Home.swift */; };
		A195537A23FBC889000653C5 /* CategoryRow.swift in Sources */ = {isa = PBXBuildFile; fileRef = A195537923FBC889000653C5 /* CategoryRow.swift */; };
		A1DF083A23F5821B003675BD /* UserData.swift in Sources */ = {isa = PBXBuildFile; fileRef = A1DF083923F5821B003675BD /* UserData.swift */; };
		A1E9C8F323FAB89800038352 /* HikeView.swift in Sources */ = {isa = PBXBuildFile; fileRef = A1E9C8F223FAB89800038352 /* HikeView.swift */; };
		A1E9C8F523FAB91800038352 /* HikeDetail.swift in Sources */ = {isa = PBXBuildFile; fileRef = A1E9C8F423FAB91800038352 /* HikeDetail.swift */; };
		A1E9C8F723FAB96100038352 /* Hike.swift in Sources */ = {isa = PBXBuildFile; fileRef = A1E9C8F623FAB96100038352 /* Hike.swift */; };
		A1E9C8F923FAB9DA00038352 /* HikeGraph.swift in Sources */ = {isa = PBXBuildFile; fileRef = A1E9C8F823FAB9DA00038352 /* HikeGraph.swift */; };
		A1E9C8FB23FABA1F00038352 /* GraphCapsule.swift in Sources */ = {isa = PBXBuildFile; fileRef = A1E9C8FA23FABA1F00038352 /* GraphCapsule.swift */; };
/* End PBXBuildFile section */

/* Begin PBXContainerItemProxy section */
		A187AD3523ED74B600E84C61 /* PBXContainerItemProxy */ = {
			isa = PBXContainerItemProxy;
			containerPortal = A187AD1623ED74B400E84C61 /* Project object */;
			proxyType = 1;
			remoteGlobalIDString = A187AD1D23ED74B400E84C61;
			remoteInfo = Landmarks;
		};
		A187AD4023ED74B600E84C61 /* PBXContainerItemProxy */ = {
			isa = PBXContainerItemProxy;
			containerPortal = A187AD1623ED74B400E84C61 /* Project object */;
			proxyType = 1;
			remoteGlobalIDString = A187AD1D23ED74B400E84C61;
			remoteInfo = Landmarks;
		};
/* End PBXContainerItemProxy section */

/* Begin PBXFileReference section */
		A132EFE823F54A4800D6140B /* LandmarkList.swift */ = {isa = PBXFileReference; lastKnownFileType = sourcecode.swift; path = LandmarkList.swift; sourceTree = "<group>"; };
		A132EFEA23F54B0F00D6140B /* landmarkData.json */ = {isa = PBXFileReference; fileEncoding = 4; lastKnownFileType = text.json; name = landmarkData.json; path = "../../../../../Downloads/HandlingUserInput-2/StartingPoint/Landmarks/Landmarks/Resources/landmarkData.json"; sourceTree = "<group>"; };
		A132EFEB23F54B0F00D6140B /* charleyrivers.jpg */ = {isa = PBXFileReference; lastKnownFileType = image.jpeg; name = charleyrivers.jpg; path = "../../../../../Downloads/HandlingUserInput-2/StartingPoint/Landmarks/Landmarks/Resources/charleyrivers.jpg"; sourceTree = "<group>"; };
		A132EFEC23F54B0F00D6140B /* turtlerock.jpg */ = {isa = PBXFileReference; lastKnownFileType = image.jpeg; name = turtlerock.jpg; path = "../../../../../Downloads/HandlingUserInput-2/StartingPoint/Landmarks/Landmarks/Resources/turtlerock.jpg"; sourceTree = "<group>"; };
		A132EFED23F54B0F00D6140B /* umbagog.jpg */ = {isa = PBXFileReference; lastKnownFileType = image.jpeg; name = umbagog.jpg; path = "../../../../../Downloads/HandlingUserInput-2/StartingPoint/Landmarks/Landmarks/Resources/umbagog.jpg"; sourceTree = "<group>"; };
		A132EFEE23F54B0F00D6140B /* icybay.jpg */ = {isa = PBXFileReference; lastKnownFileType = image.jpeg; name = icybay.jpg; path = "../../../../../Downloads/HandlingUserInput-2/StartingPoint/Landmarks/Landmarks/Resources/icybay.jpg"; sourceTree = "<group>"; };
		A132EFEF23F54B0F00D6140B /* silversalmoncreek.jpg */ = {isa = PBXFileReference; lastKnownFileType = image.jpeg; name = silversalmoncreek.jpg; path = "../../../../../Downloads/HandlingUserInput-2/StartingPoint/Landmarks/Landmarks/Resources/silversalmoncreek.jpg"; sourceTree = "<group>"; };
		A132EFF023F54B1000D6140B /* lakemcdonald.jpg */ = {isa = PBXFileReference; lastKnownFileType = image.jpeg; name = lakemcdonald.jpg; path = "../../../../../Downloads/HandlingUserInput-2/StartingPoint/Landmarks/Landmarks/Resources/lakemcdonald.jpg"; sourceTree = "<group>"; };
		A132EFF123F54B1000D6140B /* twinlake.jpg */ = {isa = PBXFileReference; lastKnownFileType = image.jpeg; name = twinlake.jpg; path = "../../../../../Downloads/HandlingUserInput-2/StartingPoint/Landmarks/Landmarks/Resources/twinlake.jpg"; sourceTree = "<group>"; };
		A132EFF223F54B1000D6140B /* chincoteague.jpg */ = {isa = PBXFileReference; lastKnownFileType = image.jpeg; name = chincoteague.jpg; path = "../../../../../Downloads/HandlingUserInput-2/StartingPoint/Landmarks/Landmarks/Resources/chincoteague.jpg"; sourceTree = "<group>"; };
		A132EFF323F54B1000D6140B /* chilkoottrail.jpg */ = {isa = PBXFileReference; lastKnownFileType = image.jpeg; name = chilkoottrail.jpg; path = "../../../../../Downloads/HandlingUserInput-2/StartingPoint/Landmarks/Landmarks/Resources/chilkoottrail.jpg"; sourceTree = "<group>"; };
		A132EFF423F54B1000D6140B /* stmarylake.jpg */ = {isa = PBXFileReference; lastKnownFileType = image.jpeg; name = stmarylake.jpg; path = "../../../../../Downloads/HandlingUserInput-2/StartingPoint/Landmarks/Landmarks/Resources/stmarylake.jpg"; sourceTree = "<group>"; };
		A132EFF523F54B1000D6140B /* hiddenlake.jpg */ = {isa = PBXFileReference; lastKnownFileType = image.jpeg; name = hiddenlake.jpg; path = "../../../../../Downloads/HandlingUserInput-2/StartingPoint/Landmarks/Landmarks/Resources/hiddenlake.jpg"; sourceTree = "<group>"; };
		A132EFF623F54B1000D6140B /* rainbowlake.jpg */ = {isa = PBXFileReference; lastKnownFileType = image.jpeg; name = rainbowlake.jpg; path = "../../../../../Downloads/HandlingUserInput-2/StartingPoint/Landmarks/Landmarks/Resources/rainbowlake.jpg"; sourceTree = "<group>"; };
		A132F00423F54D4800D6140B /* README.md */ = {isa = PBXFileReference; fileEncoding = 4; lastKnownFileType = net.daringfireball.markdown; path = README.md; sourceTree = "<group>"; };
		A132F00623F54DDC00D6140B /* screenshots */ = {isa = PBXFileReference; lastKnownFileType = folder; path = screenshots; sourceTree = "<group>"; };
		A13922EF23FA7DF3001B463F /* Badge.swift */ = {isa = PBXFileReference; lastKnownFileType = sourcecode.swift; path = Badge.swift; sourceTree = SOURCE_ROOT; };
		A13922F123FA7EF4001B463F /* HexagonParameters.swift */ = {isa = PBXFileReference; lastKnownFileType = sourcecode.swift; path = HexagonParameters.swift; sourceTree = "<group>"; };
		A13922F323FA8B94001B463F /* BadgeBackground.swift */ = {isa = PBXFileReference; lastKnownFileType = sourcecode.swift; path = BadgeBackground.swift; sourceTree = SOURCE_ROOT; };
		A13922F523FA8D85001B463F /* BadgeSymbol.swift */ = {isa = PBXFileReference; lastKnownFileType = sourcecode.swift; path = BadgeSymbol.swift; sourceTree = "<group>"; };
		A13922F723FA9168001B463F /* RotatedBadgeSymbol.swift */ = {isa = PBXFileReference; lastKnownFileType = sourcecode.swift; path = RotatedBadgeSymbol.swift; sourceTree = SOURCE_ROOT; };
		A13929C823F14A520052591C /* Landmark.swift */ = {isa = PBXFileReference; lastKnownFileType = sourcecode.swift; path = Landmark.swift; sourceTree = "<group>"; };
		A13929E623F14E400052591C /* Data.swift */ = {isa = PBXFileReference; lastKnownFileType = sourcecode.swift; path = Data.swift; sourceTree = "<group>"; };
		A13929E823F14F920052591C /* LandmarkRow.swift */ = {isa = PBXFileReference; lastKnownFileType = sourcecode.swift; path = LandmarkRow.swift; sourceTree = "<group>"; };
		A187AD1E23ED74B400E84C61 /* Landmarks.app */ = {isa = PBXFileReference; explicitFileType = wrapper.application; includeInIndex = 0; path = Landmarks.app; sourceTree = BUILT_PRODUCTS_DIR; };
		A187AD2123ED74B400E84C61 /* AppDelegate.swift */ = {isa = PBXFileReference; lastKnownFileType = sourcecode.swift; path = AppDelegate.swift; sourceTree = "<group>"; };
		A187AD2323ED74B400E84C61 /* SceneDelegate.swift */ = {isa = PBXFileReference; lastKnownFileType = sourcecode.swift; path = SceneDelegate.swift; sourceTree = "<group>"; };
		A187AD2523ED74B400E84C61 /* LandmarkDetail.swift */ = {isa = PBXFileReference; lastKnownFileType = sourcecode.swift; path = LandmarkDetail.swift; sourceTree = "<group>"; };
		A187AD2723ED74B600E84C61 /* Assets.xcassets */ = {isa = PBXFileReference; lastKnownFileType = folder.assetcatalog; path = Assets.xcassets; sourceTree = "<group>"; };
		A187AD2A23ED74B600E84C61 /* Preview Assets.xcassets */ = {isa = PBXFileReference; lastKnownFileType = folder.assetcatalog; path = "Preview Assets.xcassets"; sourceTree = "<group>"; };
		A187AD2D23ED74B600E84C61 /* Base */ = {isa = PBXFileReference; lastKnownFileType = file.storyboard; name = Base; path = Base.lproj/LaunchScreen.storyboard; sourceTree = "<group>"; };
		A187AD2F23ED74B600E84C61 /* Info.plist */ = {isa = PBXFileReference; lastKnownFileType = text.plist.xml; path = Info.plist; sourceTree = "<group>"; };
		A187AD3423ED74B600E84C61 /* LandmarksTests.xctest */ = {isa = PBXFileReference; explicitFileType = wrapper.cfbundle; includeInIndex = 0; path = LandmarksTests.xctest; sourceTree = BUILT_PRODUCTS_DIR; };
		A187AD3823ED74B600E84C61 /* LandmarksTests.swift */ = {isa = PBXFileReference; lastKnownFileType = sourcecode.swift; path = LandmarksTests.swift; sourceTree = "<group>"; };
		A187AD3A23ED74B600E84C61 /* Info.plist */ = {isa = PBXFileReference; lastKnownFileType = text.plist.xml; path = Info.plist; sourceTree = "<group>"; };
		A187AD3F23ED74B600E84C61 /* LandmarksUITests.xctest */ = {isa = PBXFileReference; explicitFileType = wrapper.cfbundle; includeInIndex = 0; path = LandmarksUITests.xctest; sourceTree = BUILT_PRODUCTS_DIR; };
		A187AD4323ED74B600E84C61 /* LandmarksUITests.swift */ = {isa = PBXFileReference; lastKnownFileType = sourcecode.swift; path = LandmarksUITests.swift; sourceTree = "<group>"; };
		A187AD4523ED74B600E84C61 /* Info.plist */ = {isa = PBXFileReference; lastKnownFileType = text.plist.xml; path = Info.plist; sourceTree = "<group>"; };
		A187AD5123ED7A2B00E84C61 /* CircleImage.swift */ = {isa = PBXFileReference; lastKnownFileType = sourcecode.swift; path = CircleImage.swift; sourceTree = "<group>"; };
		A187AD5323ED7D6F00E84C61 /* MapView.swift */ = {isa = PBXFileReference; lastKnownFileType = sourcecode.swift; path = MapView.swift; sourceTree = "<group>"; };
		A195537523FBC151000653C5 /* hikeData.json */ = {isa = PBXFileReference; fileEncoding = 4; lastKnownFileType = text.json; name = hikeData.json; path = ../../../../../Downloads/ComposingComplexInterfaces/Complete/Landmarks/Landmarks/Resources/hikeData.json; sourceTree = "<group>"; };
		A195537723FBC271000653C5 /* Home.swift */ = {isa = PBXFileReference; lastKnownFileType = sourcecode.swift; path = Home.swift; sourceTree = "<group>"; };
		A195537923FBC889000653C5 /* CategoryRow.swift */ = {isa = PBXFileReference; lastKnownFileType = sourcecode.swift; path = CategoryRow.swift; sourceTree = "<group>"; };
		A1DF083923F5821B003675BD /* UserData.swift */ = {isa = PBXFileReference; lastKnownFileType = sourcecode.swift; path = UserData.swift; sourceTree = "<group>"; };
		A1E9C8F223FAB89800038352 /* HikeView.swift */ = {isa = PBXFileReference; lastKnownFileType = sourcecode.swift; path = HikeView.swift; sourceTree = "<group>"; };
		A1E9C8F423FAB91800038352 /* HikeDetail.swift */ = {isa = PBXFileReference; lastKnownFileType = sourcecode.swift; path = HikeDetail.swift; sourceTree = "<group>"; };
		A1E9C8F623FAB96100038352 /* Hike.swift */ = {isa = PBXFileReference; lastKnownFileType = sourcecode.swift; path = Hike.swift; sourceTree = SOURCE_ROOT; };
		A1E9C8F823FAB9DA00038352 /* HikeGraph.swift */ = {isa = PBXFileReference; lastKnownFileType = sourcecode.swift; path = HikeGraph.swift; sourceTree = SOURCE_ROOT; };
		A1E9C8FA23FABA1F00038352 /* GraphCapsule.swift */ = {isa = PBXFileReference; lastKnownFileType = sourcecode.swift; path = GraphCapsule.swift; sourceTree = SOURCE_ROOT; };
/* End PBXFileReference section */

/* Begin PBXFrameworksBuildPhase section */
		A187AD1B23ED74B400E84C61 /* Frameworks */ = {
			isa = PBXFrameworksBuildPhase;
			buildActionMask = 2147483647;
			files = (
			);
			runOnlyForDeploymentPostprocessing = 0;
		};
		A187AD3123ED74B600E84C61 /* Frameworks */ = {
			isa = PBXFrameworksBuildPhase;
			buildActionMask = 2147483647;
			files = (
			);
			runOnlyForDeploymentPostprocessing = 0;
		};
		A187AD3C23ED74B600E84C61 /* Frameworks */ = {
			isa = PBXFrameworksBuildPhase;
			buildActionMask = 2147483647;
			files = (
			);
			runOnlyForDeploymentPostprocessing = 0;
		};
/* End PBXFrameworksBuildPhase section */

/* Begin PBXGroup section */
		A13929C723F14A210052591C /* Models */ = {
			isa = PBXGroup;
			children = (
				A1E9C8F623FAB96100038352 /* Hike.swift */,
				A13929C823F14A520052591C /* Landmark.swift */,
				A13929E623F14E400052591C /* Data.swift */,
				A1DF083923F5821B003675BD /* UserData.swift */,
			);
			path = Models;
			sourceTree = "<group>";
		};
		A13929CA23F14B950052591C /* Resources */ = {
			isa = PBXGroup;
			children = (
				A195537523FBC151000653C5 /* hikeData.json */,
				A132EFEB23F54B0F00D6140B /* charleyrivers.jpg */,
				A132EFF323F54B1000D6140B /* chilkoottrail.jpg */,
				A132EFF223F54B1000D6140B /* chincoteague.jpg */,
				A132EFF523F54B1000D6140B /* hiddenlake.jpg */,
				A132EFEE23F54B0F00D6140B /* icybay.jpg */,
				A132EFF023F54B1000D6140B /* lakemcdonald.jpg */,
				A132EFEA23F54B0F00D6140B /* landmarkData.json */,
				A132EFF623F54B1000D6140B /* rainbowlake.jpg */,
				A132EFEF23F54B0F00D6140B /* silversalmoncreek.jpg */,
				A132EFF423F54B1000D6140B /* stmarylake.jpg */,
				A132EFEC23F54B0F00D6140B /* turtlerock.jpg */,
				A132EFF123F54B1000D6140B /* twinlake.jpg */,
				A132EFED23F54B0F00D6140B /* umbagog.jpg */,
			);
			path = Resources;
			sourceTree = "<group>";
		};
		A13929E523F14C480052591C /* Landmark Views */ = {
			isa = PBXGroup;
			children = (
				A1E9C8FA23FABA1F00038352 /* GraphCapsule.swift */,
				A1E9C8F823FAB9DA00038352 /* HikeGraph.swift */,
				A13922F723FA9168001B463F /* RotatedBadgeSymbol.swift */,
				A13922F523FA8D85001B463F /* BadgeSymbol.swift */,
				A13922F323FA8B94001B463F /* BadgeBackground.swift */,
				A13922EF23FA7DF3001B463F /* Badge.swift */,
				A187AD5123ED7A2B00E84C61 /* CircleImage.swift */,
				A187AD5323ED7D6F00E84C61 /* MapView.swift */,
				A13929E823F14F920052591C /* LandmarkRow.swift */,
			);
			path = "Landmark Views";
			sourceTree = "<group>";
		};
		A187AD1523ED74B400E84C61 = {
			isa = PBXGroup;
			children = (
				A132F00623F54DDC00D6140B /* screenshots */,
				A132F00423F54D4800D6140B /* README.md */,
				A187AD2023ED74B400E84C61 /* Landmarks */,
				A187AD3723ED74B600E84C61 /* LandmarksTests */,
				A187AD4223ED74B600E84C61 /* LandmarksUITests */,
				A187AD1F23ED74B400E84C61 /* Products */,
			);
			sourceTree = "<group>";
		};
		A187AD1F23ED74B400E84C61 /* Products */ = {
			isa = PBXGroup;
			children = (
				A187AD1E23ED74B400E84C61 /* Landmarks.app */,
				A187AD3423ED74B600E84C61 /* LandmarksTests.xctest */,
				A187AD3F23ED74B600E84C61 /* LandmarksUITests.xctest */,
			);
			name = Products;
			sourceTree = "<group>";
		};
		A187AD2023ED74B400E84C61 /* Landmarks */ = {
			isa = PBXGroup;
			children = (
				A1E9C8F223FAB89800038352 /* HikeView.swift */,
				A132EFE823F54A4800D6140B /* LandmarkList.swift */,
				A195537923FBC889000653C5 /* CategoryRow.swift */,
				A13922F123FA7EF4001B463F /* HexagonParameters.swift */,
				A1E9C8F423FAB91800038352 /* HikeDetail.swift */,
				A195537723FBC271000653C5 /* Home.swift */,
				A13929E523F14C480052591C /* Landmark Views */,
				A13929CA23F14B950052591C /* Resources */,
				A13929C723F14A210052591C /* Models */,
				A187AD2123ED74B400E84C61 /* AppDelegate.swift */,
				A187AD2323ED74B400E84C61 /* SceneDelegate.swift */,
				A187AD2523ED74B400E84C61 /* LandmarkDetail.swift */,
				A187AD2723ED74B600E84C61 /* Assets.xcassets */,
				A187AD2C23ED74B600E84C61 /* LaunchScreen.storyboard */,
				A187AD2F23ED74B600E84C61 /* Info.plist */,
				A187AD2923ED74B600E84C61 /* Preview Content */,
			);
			path = Landmarks;
			sourceTree = "<group>";
		};
		A187AD2923ED74B600E84C61 /* Preview Content */ = {
			isa = PBXGroup;
			children = (
				A187AD2A23ED74B600E84C61 /* Preview Assets.xcassets */,
			);
			path = "Preview Content";
			sourceTree = "<group>";
		};
		A187AD3723ED74B600E84C61 /* LandmarksTests */ = {
			isa = PBXGroup;
			children = (
				A187AD3823ED74B600E84C61 /* LandmarksTests.swift */,
				A187AD3A23ED74B600E84C61 /* Info.plist */,
			);
			path = LandmarksTests;
			sourceTree = "<group>";
		};
		A187AD4223ED74B600E84C61 /* LandmarksUITests */ = {
			isa = PBXGroup;
			children = (
				A187AD4323ED74B600E84C61 /* LandmarksUITests.swift */,
				A187AD4523ED74B600E84C61 /* Info.plist */,
			);
			path = LandmarksUITests;
			sourceTree = "<group>";
		};
/* End PBXGroup section */

/* Begin PBXNativeTarget section */
		A187AD1D23ED74B400E84C61 /* Landmarks */ = {
			isa = PBXNativeTarget;
			buildConfigurationList = A187AD4823ED74B600E84C61 /* Build configuration list for PBXNativeTarget "Landmarks" */;
			buildPhases = (
				A187AD1A23ED74B400E84C61 /* Sources */,
				A187AD1B23ED74B400E84C61 /* Frameworks */,
				A187AD1C23ED74B400E84C61 /* Resources */,
			);
			buildRules = (
			);
			dependencies = (
			);
			name = Landmarks;
			productName = Landmarks;
			productReference = A187AD1E23ED74B400E84C61 /* Landmarks.app */;
			productType = "com.apple.product-type.application";
		};
		A187AD3323ED74B600E84C61 /* LandmarksTests */ = {
			isa = PBXNativeTarget;
			buildConfigurationList = A187AD4B23ED74B600E84C61 /* Build configuration list for PBXNativeTarget "LandmarksTests" */;
			buildPhases = (
				A187AD3023ED74B600E84C61 /* Sources */,
				A187AD3123ED74B600E84C61 /* Frameworks */,
				A187AD3223ED74B600E84C61 /* Resources */,
			);
			buildRules = (
			);
			dependencies = (
				A187AD3623ED74B600E84C61 /* PBXTargetDependency */,
			);
			name = LandmarksTests;
			productName = LandmarksTests;
			productReference = A187AD3423ED74B600E84C61 /* LandmarksTests.xctest */;
			productType = "com.apple.product-type.bundle.unit-test";
		};
		A187AD3E23ED74B600E84C61 /* LandmarksUITests */ = {
			isa = PBXNativeTarget;
			buildConfigurationList = A187AD4E23ED74B600E84C61 /* Build configuration list for PBXNativeTarget "LandmarksUITests" */;
			buildPhases = (
				A187AD3B23ED74B600E84C61 /* Sources */,
				A187AD3C23ED74B600E84C61 /* Frameworks */,
				A187AD3D23ED74B600E84C61 /* Resources */,
			);
			buildRules = (
			);
			dependencies = (
				A187AD4123ED74B600E84C61 /* PBXTargetDependency */,
			);
			name = LandmarksUITests;
			productName = LandmarksUITests;
			productReference = A187AD3F23ED74B600E84C61 /* LandmarksUITests.xctest */;
			productType = "com.apple.product-type.bundle.ui-testing";
		};
/* End PBXNativeTarget section */

/* Begin PBXProject section */
		A187AD1623ED74B400E84C61 /* Project object */ = {
			isa = PBXProject;
			attributes = {
				LastSwiftUpdateCheck = 1110;
				LastUpgradeCheck = 1110;
				ORGANIZATIONNAME = "Timothy Mubiru";
				TargetAttributes = {
					A187AD1D23ED74B400E84C61 = {
						CreatedOnToolsVersion = 11.1;
					};
					A187AD3323ED74B600E84C61 = {
						CreatedOnToolsVersion = 11.1;
						TestTargetID = A187AD1D23ED74B400E84C61;
					};
					A187AD3E23ED74B600E84C61 = {
						CreatedOnToolsVersion = 11.1;
						TestTargetID = A187AD1D23ED74B400E84C61;
					};
				};
			};
			buildConfigurationList = A187AD1923ED74B400E84C61 /* Build configuration list for PBXProject "Landmarks" */;
			compatibilityVersion = "Xcode 9.3";
			developmentRegion = en;
			hasScannedForEncodings = 0;
			knownRegions = (
				en,
				Base,
			);
			mainGroup = A187AD1523ED74B400E84C61;
			productRefGroup = A187AD1F23ED74B400E84C61 /* Products */;
			projectDirPath = "";
			projectRoot = "";
			targets = (
				A187AD1D23ED74B400E84C61 /* Landmarks */,
				A187AD3323ED74B600E84C61 /* LandmarksTests */,
				A187AD3E23ED74B600E84C61 /* LandmarksUITests */,
			);
		};
/* End PBXProject section */

/* Begin PBXResourcesBuildPhase section */
		A187AD1C23ED74B400E84C61 /* Resources */ = {
			isa = PBXResourcesBuildPhase;
			buildActionMask = 2147483647;
			files = (
				A132EFF823F54B1000D6140B /* charleyrivers.jpg in Resources */,
				A187AD2E23ED74B600E84C61 /* LaunchScreen.storyboard in Resources */,
				A132EFFB23F54B1000D6140B /* icybay.jpg in Resources */,
				A132EFFC23F54B1000D6140B /* silversalmoncreek.jpg in Resources */,
				A195537623FBC151000653C5 /* hikeData.json in Resources */,
				A132F00723F54DDC00D6140B /* screenshots in Resources */,
				A132EFFA23F54B1000D6140B /* umbagog.jpg in Resources */,
				A132EFF923F54B1000D6140B /* turtlerock.jpg in Resources */,
				A132F00123F54B1000D6140B /* stmarylake.jpg in Resources */,
				A132F00023F54B1000D6140B /* chilkoottrail.jpg in Resources */,
				A132EFFF23F54B1000D6140B /* chincoteague.jpg in Resources */,
				A132EFFD23F54B1000D6140B /* lakemcdonald.jpg in Resources */,
				A132EFF723F54B1000D6140B /* landmarkData.json in Resources */,
				A132F00523F54D4800D6140B /* README.md in Resources */,
				A187AD2B23ED74B600E84C61 /* Preview Assets.xcassets in Resources */,
				A187AD2823ED74B600E84C61 /* Assets.xcassets in Resources */,
				A132F00323F54B1000D6140B /* rainbowlake.jpg in Resources */,
				A132F00223F54B1000D6140B /* hiddenlake.jpg in Resources */,
				A132EFFE23F54B1000D6140B /* twinlake.jpg in Resources */,
			);
			runOnlyForDeploymentPostprocessing = 0;
		};
		A187AD3223ED74B600E84C61 /* Resources */ = {
			isa = PBXResourcesBuildPhase;
			buildActionMask = 2147483647;
			files = (
			);
			runOnlyForDeploymentPostprocessing = 0;
		};
		A187AD3D23ED74B600E84C61 /* Resources */ = {
			isa = PBXResourcesBuildPhase;
			buildActionMask = 2147483647;
			files = (
			);
			runOnlyForDeploymentPostprocessing = 0;
		};
/* End PBXResourcesBuildPhase section */

/* Begin PBXSourcesBuildPhase section */
		A187AD1A23ED74B400E84C61 /* Sources */ = {
			isa = PBXSourcesBuildPhase;
			buildActionMask = 2147483647;
			files = (
				A195537A23FBC889000653C5 /* CategoryRow.swift in Sources */,
				A1E9C8FB23FABA1F00038352 /* GraphCapsule.swift in Sources */,
				A13922F223FA7EF4001B463F /* HexagonParameters.swift in Sources */,
				A13929E723F14E400052591C /* Data.swift in Sources */,
				A187AD2223ED74B400E84C61 /* AppDelegate.swift in Sources */,
				A13922F023FA7DF3001B463F /* Badge.swift in Sources */,
				A1E9C8F923FAB9DA00038352 /* HikeGraph.swift in Sources */,
				A187AD5223ED7A2B00E84C61 /* CircleImage.swift in Sources */,
				A1E9C8F323FAB89800038352 /* HikeView.swift in Sources */,
				A1E9C8F723FAB96100038352 /* Hike.swift in Sources */,
				A187AD5423ED7D6F00E84C61 /* MapView.swift in Sources */,
				A132EFE923F54A4800D6140B /* LandmarkList.swift in Sources */,
				A1E9C8F523FAB91800038352 /* HikeDetail.swift in Sources */,
				A13922F623FA8D85001B463F /* BadgeSymbol.swift in Sources */,
				A195537823FBC271000653C5 /* Home.swift in Sources */,
				A13922F823FA9168001B463F /* RotatedBadgeSymbol.swift in Sources */,
				A187AD2423ED74B400E84C61 /* SceneDelegate.swift in Sources */,
				A13922F423FA8B94001B463F /* BadgeBackground.swift in Sources */,
				A187AD2623ED74B400E84C61 /* LandmarkDetail.swift in Sources */,
				A13929E923F14F920052591C /* LandmarkRow.swift in Sources */,
				A1DF083A23F5821B003675BD /* UserData.swift in Sources */,
				A13929C923F14A520052591C /* Landmark.swift in Sources */,
			);
			runOnlyForDeploymentPostprocessing = 0;
		};
		A187AD3023ED74B600E84C61 /* Sources */ = {
			isa = PBXSourcesBuildPhase;
			buildActionMask = 2147483647;
			files = (
				A187AD3923ED74B600E84C61 /* LandmarksTests.swift in Sources */,
			);
			runOnlyForDeploymentPostprocessing = 0;
		};
		A187AD3B23ED74B600E84C61 /* Sources */ = {
			isa = PBXSourcesBuildPhase;
			buildActionMask = 2147483647;
			files = (
				A187AD4423ED74B600E84C61 /* LandmarksUITests.swift in Sources */,
			);
			runOnlyForDeploymentPostprocessing = 0;
		};
/* End PBXSourcesBuildPhase section */

/* Begin PBXTargetDependency section */
		A187AD3623ED74B600E84C61 /* PBXTargetDependency */ = {
			isa = PBXTargetDependency;
			target = A187AD1D23ED74B400E84C61 /* Landmarks */;
			targetProxy = A187AD3523ED74B600E84C61 /* PBXContainerItemProxy */;
		};
		A187AD4123ED74B600E84C61 /* PBXTargetDependency */ = {
			isa = PBXTargetDependency;
			target = A187AD1D23ED74B400E84C61 /* Landmarks */;
			targetProxy = A187AD4023ED74B600E84C61 /* PBXContainerItemProxy */;
		};
/* End PBXTargetDependency section */

/* Begin PBXVariantGroup section */
		A187AD2C23ED74B600E84C61 /* LaunchScreen.storyboard */ = {
			isa = PBXVariantGroup;
			children = (
				A187AD2D23ED74B600E84C61 /* Base */,
			);
			name = LaunchScreen.storyboard;
			sourceTree = "<group>";
		};
/* End PBXVariantGroup section */

/* Begin XCBuildConfiguration section */
		A187AD4623ED74B600E84C61 /* Debug */ = {
			isa = XCBuildConfiguration;
			buildSettings = {
				ALWAYS_SEARCH_USER_PATHS = NO;
				CLANG_ANALYZER_NONNULL = YES;
				CLANG_ANALYZER_NUMBER_OBJECT_CONVERSION = YES_AGGRESSIVE;
				CLANG_CXX_LANGUAGE_STANDARD = "gnu++14";
				CLANG_CXX_LIBRARY = "libc++";
				CLANG_ENABLE_MODULES = YES;
				CLANG_ENABLE_OBJC_ARC = YES;
				CLANG_ENABLE_OBJC_WEAK = YES;
				CLANG_WARN_BLOCK_CAPTURE_AUTORELEASING = YES;
				CLANG_WARN_BOOL_CONVERSION = YES;
				CLANG_WARN_COMMA = YES;
				CLANG_WARN_CONSTANT_CONVERSION = YES;
				CLANG_WARN_DEPRECATED_OBJC_IMPLEMENTATIONS = YES;
				CLANG_WARN_DIRECT_OBJC_ISA_USAGE = YES_ERROR;
				CLANG_WARN_DOCUMENTATION_COMMENTS = YES;
				CLANG_WARN_EMPTY_BODY = YES;
				CLANG_WARN_ENUM_CONVERSION = YES;
				CLANG_WARN_INFINITE_RECURSION = YES;
				CLANG_WARN_INT_CONVERSION = YES;
				CLANG_WARN_NON_LITERAL_NULL_CONVERSION = YES;
				CLANG_WARN_OBJC_IMPLICIT_RETAIN_SELF = YES;
				CLANG_WARN_OBJC_LITERAL_CONVERSION = YES;
				CLANG_WARN_OBJC_ROOT_CLASS = YES_ERROR;
				CLANG_WARN_RANGE_LOOP_ANALYSIS = YES;
				CLANG_WARN_STRICT_PROTOTYPES = YES;
				CLANG_WARN_SUSPICIOUS_MOVE = YES;
				CLANG_WARN_UNGUARDED_AVAILABILITY = YES_AGGRESSIVE;
				CLANG_WARN_UNREACHABLE_CODE = YES;
				CLANG_WARN__DUPLICATE_METHOD_MATCH = YES;
				COPY_PHASE_STRIP = NO;
				DEBUG_INFORMATION_FORMAT = dwarf;
				ENABLE_STRICT_OBJC_MSGSEND = YES;
				ENABLE_TESTABILITY = YES;
				GCC_C_LANGUAGE_STANDARD = gnu11;
				GCC_DYNAMIC_NO_PIC = NO;
				GCC_NO_COMMON_BLOCKS = YES;
				GCC_OPTIMIZATION_LEVEL = 0;
				GCC_PREPROCESSOR_DEFINITIONS = (
					"DEBUG=1",
					"$(inherited)",
				);
				GCC_WARN_64_TO_32_BIT_CONVERSION = YES;
				GCC_WARN_ABOUT_RETURN_TYPE = YES_ERROR;
				GCC_WARN_UNDECLARED_SELECTOR = YES;
				GCC_WARN_UNINITIALIZED_AUTOS = YES_AGGRESSIVE;
				GCC_WARN_UNUSED_FUNCTION = YES;
				GCC_WARN_UNUSED_VARIABLE = YES;
				IPHONEOS_DEPLOYMENT_TARGET = 13.1;
				MTL_ENABLE_DEBUG_INFO = INCLUDE_SOURCE;
				MTL_FAST_MATH = YES;
				ONLY_ACTIVE_ARCH = YES;
				SDKROOT = iphoneos;
				SWIFT_ACTIVE_COMPILATION_CONDITIONS = DEBUG;
				SWIFT_OPTIMIZATION_LEVEL = "-Onone";
			};
			name = Debug;
		};
		A187AD4723ED74B600E84C61 /* Release */ = {
			isa = XCBuildConfiguration;
			buildSettings = {
				ALWAYS_SEARCH_USER_PATHS = NO;
				CLANG_ANALYZER_NONNULL = YES;
				CLANG_ANALYZER_NUMBER_OBJECT_CONVERSION = YES_AGGRESSIVE;
				CLANG_CXX_LANGUAGE_STANDARD = "gnu++14";
				CLANG_CXX_LIBRARY = "libc++";
				CLANG_ENABLE_MODULES = YES;
				CLANG_ENABLE_OBJC_ARC = YES;
				CLANG_ENABLE_OBJC_WEAK = YES;
				CLANG_WARN_BLOCK_CAPTURE_AUTORELEASING = YES;
				CLANG_WARN_BOOL_CONVERSION = YES;
				CLANG_WARN_COMMA = YES;
				CLANG_WARN_CONSTANT_CONVERSION = YES;
				CLANG_WARN_DEPRECATED_OBJC_IMPLEMENTATIONS = YES;
				CLANG_WARN_DIRECT_OBJC_ISA_USAGE = YES_ERROR;
				CLANG_WARN_DOCUMENTATION_COMMENTS = YES;
				CLANG_WARN_EMPTY_BODY = YES;
				CLANG_WARN_ENUM_CONVERSION = YES;
				CLANG_WARN_INFINITE_RECURSION = YES;
				CLANG_WARN_INT_CONVERSION = YES;
				CLANG_WARN_NON_LITERAL_NULL_CONVERSION = YES;
				CLANG_WARN_OBJC_IMPLICIT_RETAIN_SELF = YES;
				CLANG_WARN_OBJC_LITERAL_CONVERSION = YES;
				CLANG_WARN_OBJC_ROOT_CLASS = YES_ERROR;
				CLANG_WARN_RANGE_LOOP_ANALYSIS = YES;
				CLANG_WARN_STRICT_PROTOTYPES = YES;
				CLANG_WARN_SUSPICIOUS_MOVE = YES;
				CLANG_WARN_UNGUARDED_AVAILABILITY = YES_AGGRESSIVE;
				CLANG_WARN_UNREACHABLE_CODE = YES;
				CLANG_WARN__DUPLICATE_METHOD_MATCH = YES;
				COPY_PHASE_STRIP = NO;
				DEBUG_INFORMATION_FORMAT = "dwarf-with-dsym";
				ENABLE_NS_ASSERTIONS = NO;
				ENABLE_STRICT_OBJC_MSGSEND = YES;
				GCC_C_LANGUAGE_STANDARD = gnu11;
				GCC_NO_COMMON_BLOCKS = YES;
				GCC_WARN_64_TO_32_BIT_CONVERSION = YES;
				GCC_WARN_ABOUT_RETURN_TYPE = YES_ERROR;
				GCC_WARN_UNDECLARED_SELECTOR = YES;
				GCC_WARN_UNINITIALIZED_AUTOS = YES_AGGRESSIVE;
				GCC_WARN_UNUSED_FUNCTION = YES;
				GCC_WARN_UNUSED_VARIABLE = YES;
				IPHONEOS_DEPLOYMENT_TARGET = 13.1;
				MTL_ENABLE_DEBUG_INFO = NO;
				MTL_FAST_MATH = YES;
				SDKROOT = iphoneos;
				SWIFT_COMPILATION_MODE = wholemodule;
				SWIFT_OPTIMIZATION_LEVEL = "-O";
				VALIDATE_PRODUCT = YES;
			};
			name = Release;
		};
		A187AD4923ED74B600E84C61 /* Debug */ = {
			isa = XCBuildConfiguration;
			buildSettings = {
				ASSETCATALOG_COMPILER_APPICON_NAME = AppIcon;
				CODE_SIGN_STYLE = Automatic;
				DEVELOPMENT_ASSET_PATHS = "\"Landmarks/Preview Content\"";
				DEVELOPMENT_TEAM = R454W3A74V;
				ENABLE_PREVIEWS = YES;
				INFOPLIST_FILE = Landmarks/Info.plist;
				LD_RUNPATH_SEARCH_PATHS = (
					"$(inherited)",
					"@executable_path/Frameworks",
				);
				PRODUCT_BUNDLE_IDENTIFIER = mubstimor.Landmarks;
				PRODUCT_NAME = "$(TARGET_NAME)";
				SWIFT_VERSION = 5.0;
				TARGETED_DEVICE_FAMILY = "1,2";
			};
			name = Debug;
		};
		A187AD4A23ED74B600E84C61 /* Release */ = {
			isa = XCBuildConfiguration;
			buildSettings = {
				ASSETCATALOG_COMPILER_APPICON_NAME = AppIcon;
				CODE_SIGN_STYLE = Automatic;
				DEVELOPMENT_ASSET_PATHS = "\"Landmarks/Preview Content\"";
				DEVELOPMENT_TEAM = R454W3A74V;
				ENABLE_PREVIEWS = YES;
				INFOPLIST_FILE = Landmarks/Info.plist;
				LD_RUNPATH_SEARCH_PATHS = (
					"$(inherited)",
					"@executable_path/Frameworks",
				);
				PRODUCT_BUNDLE_IDENTIFIER = mubstimor.Landmarks;
				PRODUCT_NAME = "$(TARGET_NAME)";
				SWIFT_VERSION = 5.0;
				TARGETED_DEVICE_FAMILY = "1,2";
			};
			name = Release;
		};
		A187AD4C23ED74B600E84C61 /* Debug */ = {
			isa = XCBuildConfiguration;
			buildSettings = {
				ALWAYS_EMBED_SWIFT_STANDARD_LIBRARIES = YES;
				BUNDLE_LOADER = "$(TEST_HOST)";
				CODE_SIGN_STYLE = Automatic;
				DEVELOPMENT_TEAM = R454W3A74V;
				INFOPLIST_FILE = LandmarksTests/Info.plist;
				IPHONEOS_DEPLOYMENT_TARGET = 13.1;
				LD_RUNPATH_SEARCH_PATHS = (
					"$(inherited)",
					"@executable_path/Frameworks",
					"@loader_path/Frameworks",
				);
				PRODUCT_BUNDLE_IDENTIFIER = mubstimor.LandmarksTests;
				PRODUCT_NAME = "$(TARGET_NAME)";
				SWIFT_VERSION = 5.0;
				TARGETED_DEVICE_FAMILY = "1,2";
				TEST_HOST = "$(BUILT_PRODUCTS_DIR)/Landmarks.app/Landmarks";
			};
			name = Debug;
		};
		A187AD4D23ED74B600E84C61 /* Release */ = {
			isa = XCBuildConfiguration;
			buildSettings = {
				ALWAYS_EMBED_SWIFT_STANDARD_LIBRARIES = YES;
				BUNDLE_LOADER = "$(TEST_HOST)";
				CODE_SIGN_STYLE = Automatic;
				DEVELOPMENT_TEAM = R454W3A74V;
				INFOPLIST_FILE = LandmarksTests/Info.plist;
				IPHONEOS_DEPLOYMENT_TARGET = 13.1;
				LD_RUNPATH_SEARCH_PATHS = (
					"$(inherited)",
					"@executable_path/Frameworks",
					"@loader_path/Frameworks",
				);
				PRODUCT_BUNDLE_IDENTIFIER = mubstimor.LandmarksTests;
				PRODUCT_NAME = "$(TARGET_NAME)";
				SWIFT_VERSION = 5.0;
				TARGETED_DEVICE_FAMILY = "1,2";
				TEST_HOST = "$(BUILT_PRODUCTS_DIR)/Landmarks.app/Landmarks";
			};
			name = Release;
		};
		A187AD4F23ED74B600E84C61 /* Debug */ = {
			isa = XCBuildConfiguration;
			buildSettings = {
				ALWAYS_EMBED_SWIFT_STANDARD_LIBRARIES = YES;
				CODE_SIGN_STYLE = Automatic;
				DEVELOPMENT_TEAM = R454W3A74V;
				INFOPLIST_FILE = LandmarksUITests/Info.plist;
				LD_RUNPATH_SEARCH_PATHS = (
					"$(inherited)",
					"@executable_path/Frameworks",
					"@loader_path/Frameworks",
				);
				PRODUCT_BUNDLE_IDENTIFIER = mubstimor.LandmarksUITests;
				PRODUCT_NAME = "$(TARGET_NAME)";
				SWIFT_VERSION = 5.0;
				TARGETED_DEVICE_FAMILY = "1,2";
				TEST_TARGET_NAME = Landmarks;
			};
			name = Debug;
		};
		A187AD5023ED74B600E84C61 /* Release */ = {
			isa = XCBuildConfiguration;
			buildSettings = {
				ALWAYS_EMBED_SWIFT_STANDARD_LIBRARIES = YES;
				CODE_SIGN_STYLE = Automatic;
				DEVELOPMENT_TEAM = R454W3A74V;
				INFOPLIST_FILE = LandmarksUITests/Info.plist;
				LD_RUNPATH_SEARCH_PATHS = (
					"$(inherited)",
					"@executable_path/Frameworks",
					"@loader_path/Frameworks",
				);
				PRODUCT_BUNDLE_IDENTIFIER = mubstimor.LandmarksUITests;
				PRODUCT_NAME = "$(TARGET_NAME)";
				SWIFT_VERSION = 5.0;
				TARGETED_DEVICE_FAMILY = "1,2";
				TEST_TARGET_NAME = Landmarks;
			};
			name = Release;
		};
/* End XCBuildConfiguration section */

/* Begin XCConfigurationList section */
		A187AD1923ED74B400E84C61 /* Build configuration list for PBXProject "Landmarks" */ = {
			isa = XCConfigurationList;
			buildConfigurations = (
				A187AD4623ED74B600E84C61 /* Debug */,
				A187AD4723ED74B600E84C61 /* Release */,
			);
			defaultConfigurationIsVisible = 0;
			defaultConfigurationName = Release;
		};
		A187AD4823ED74B600E84C61 /* Build configuration list for PBXNativeTarget "Landmarks" */ = {
			isa = XCConfigurationList;
			buildConfigurations = (
				A187AD4923ED74B600E84C61 /* Debug */,
				A187AD4A23ED74B600E84C61 /* Release */,
			);
			defaultConfigurationIsVisible = 0;
			defaultConfigurationName = Release;
		};
		A187AD4B23ED74B600E84C61 /* Build configuration list for PBXNativeTarget "LandmarksTests" */ = {
			isa = XCConfigurationList;
			buildConfigurations = (
				A187AD4C23ED74B600E84C61 /* Debug */,
				A187AD4D23ED74B600E84C61 /* Release */,
			);
			defaultConfigurationIsVisible = 0;
			defaultConfigurationName = Release;
		};
		A187AD4E23ED74B600E84C61 /* Build configuration list for PBXNativeTarget "LandmarksUITests" */ = {
			isa = XCConfigurationList;
			buildConfigurations = (
				A187AD4F23ED74B600E84C61 /* Debug */,
				A187AD5023ED74B600E84C61 /* Release */,
			);
			defaultConfigurationIsVisible = 0;
			defaultConfigurationName = Release;
		};
/* End XCConfigurationList section */
	};
	rootObject = A187AD1623ED74B400E84C61 /* Project object */;
}
